
Microsoft Visual Studio Solution File, Format Version 12.00
# Visual Studio Version 17
VisualStudioVersion = 17.0.31903.59
MinimumVisualStudioVersion = 10.0.40219.1
Project("{FAE04EC0-301F-11D3-BF4B-00C04F79EFBC}") = "BookReco.Web", "BookReco.Web\BookReco.Web.csproj", "{998DA970-B390-44D9-8C64-261588737D02}"
EndProject
Project("{FAE04EC0-301F-11D3-BF4B-00C04F79EFBC}") = "BookReco.Core", "BookReco.Core\BookReco.Core.csproj", "{6F2A1552-9C3D-4820-9957-570B0DC55BBB}"
EndProject
Project("{FAE04EC0-301F-11D3-BF4B-00C04F79EFBC}") = "BookReco.Tests", "BookReco.Tests\BookReco.Tests.csproj", "{08681E61-DEF4-4F6E-A3D0-7BB8CDFFEAE4}"
EndProject
Global
	GlobalSection(SolutionConfigurationPlatforms) = preSolution
		Debug|Any CPU = Debug|Any CPU
		Release|Any CPU = Release|Any CPU
	EndGlobalSection
	GlobalSection(SolutionProperties) = preSolution
		HideSolutionNode = FALSE
	EndGlobalSection
	GlobalSection(ProjectConfigurationPlatforms) = postSolution
		{998DA970-B390-44D9-8C64-261588737D02}.Debug|Any CPU.ActiveCfg = Debug|Any CPU
		{998DA970-B390-44D9-8C64-261588737D02}.Debug|Any CPU.Build.0 = Debug|Any CPU
		{998DA970-B390-44D9-8C64-261588737D02}.Release|Any CPU.ActiveCfg = Release|Any CPU
		{998DA970-B390-44D9-8C64-261588737D02}.Release|Any CPU.Build.0 = Release|Any CPU
		{6F2A1552-9C3D-4820-9957-570B0DC55BBB}.Debug|Any CPU.ActiveCfg = Debug|Any CPU
		{6F2A1552-9C3D-4820-9957-570B0DC55BBB}.Debug|Any CPU.Build.0 = Debug|Any CPU
		{6F2A1552-9C3D-4820-9957-570B0DC55BBB}.Release|Any CPU.ActiveCfg = Release|Any CPU
		{6F2A1552-9C3D-4820-9957-570B0DC55BBB}.Release|Any CPU.Build.0 = Release|Any CPU
		{08681E61-DEF4-4F6E-A3D0-7BB8CDFFEAE4}.Debug|Any CPU.ActiveCfg = Debug|Any CPU
		{08681E61-DEF4-4F6E-A3D0-7BB8CDFFEAE4}.Debug|Any CPU.Build.0 = Debug|Any CPU
		{08681E61-DEF4-4F6E-A3D0-7BB8CDFFEAE4}.Release|Any CPU.ActiveCfg = Release|Any CPU
		{08681E61-DEF4-4F6E-A3D0-7BB8CDFFEAE4}.Release|Any CPU.Build.0 = Release|Any CPU
	EndGlobalSection
EndGlobal
